
Microsoft Visual Studio Solution File, Format Version 12.00
# Visual Studio 15
VisualStudioVersion = 15.0.28307.329
MinimumVisualStudioVersion = 10.0.40219.1
Project("{FAE04EC0-301F-11D3-BF4B-00C04F79EFBC}") = "Validation.Android", "Validation\Validation.Android\Validation.Android.csproj", "{F3A0BD9A-559A-41E5-A14E-901E27F54854}"
EndProject
Project("{FAE04EC0-301F-11D3-BF4B-00C04F79EFBC}") = "Validation", "Validation\Validation\Validation.csproj", "{65FBC622-3D35-4623-80D2-6EAE56AADA4A}"
EndProject
Global
	GlobalSection(SolutionConfigurationPlatforms) = preSolution
		Debug|Any CPU = Debug|Any CPU
		Release|Any CPU = Release|Any CPU
	EndGlobalSection
	GlobalSection(ProjectConfigurationPlatforms) = postSolution
		{F3A0BD9A-559A-41E5-A14E-901E27F54854}.Debug|Any CPU.ActiveCfg = Debug|Any CPU
		{F3A0BD9A-559A-41E5-A14E-901E27F54854}.Debug|Any CPU.Build.0 = Debug|Any CPU
		{F3A0BD9A-559A-41E5-A14E-901E27F54854}.Debug|Any CPU.Deploy.0 = Debug|Any CPU
		{F3A0BD9A-559A-41E5-A14E-901E27F54854}.Release|Any CPU.ActiveCfg = Release|Any CPU
		{F3A0BD9A-559A-41E5-A14E-901E27F54854}.Release|Any CPU.Build.0 = Release|Any CPU
		{F3A0BD9A-559A-41E5-A14E-901E27F54854}.Release|Any CPU.Deploy.0 = Release|Any CPU
		{65FBC622-3D35-4623-80D2-6EAE56AADA4A}.Debug|Any CPU.ActiveCfg = Debug|Any CPU
		{65FBC622-3D35-4623-80D2-6EAE56AADA4A}.Debug|Any CPU.Build.0 = Debug|Any CPU
		{65FBC622-3D35-4623-80D2-6EAE56AADA4A}.Debug|Any CPU.Deploy.0 = Debug|Any CPU
		{65FBC622-3D35-4623-80D2-6EAE56AADA4A}.Release|Any CPU.ActiveCfg = Release|Any CPU
		{65FBC622-3D35-4623-80D2-6EAE56AADA4A}.Release|Any CPU.Build.0 = Release|Any CPU
		{65FBC622-3D35-4623-80D2-6EAE56AADA4A}.Release|Any CPU.Deploy.0 = Release|Any CPU
	EndGlobalSection
	GlobalSection(SolutionProperties) = preSolution
		HideSolutionNode = FALSE
	EndGlobalSection
	GlobalSection(ExtensibilityGlobals) = postSolution
		SolutionGuid = {04095459-2300-4DF0-B1D2-81095CFBBB72}
	EndGlobalSection
EndGlobal
